
Microsoft Visual Studio Solution File, Format Version 12.00
# Visual Studio Version 16
VisualStudioVersion = 16.0.31624.102
MinimumVisualStudioVersion = 10.0.40219.1
Project("{8BC9CEB8-8B4A-11D0-8D11-00A0C91BC942}") = "find the power of a number", "find the power of a number.vcxproj", "{7BB723CC-D334-453F-B281-235E1F46B164}"
EndProject
Global
	GlobalSection(SolutionConfigurationPlatforms) = preSolution
		Debug|x64 = Debug|x64
		Debug|x86 = Debug|x86
		Release|x64 = Release|x64
		Release|x86 = Release|x86
	EndGlobalSection
	GlobalSection(ProjectConfigurationPlatforms) = postSolution
		{7BB723CC-D334-453F-B281-235E1F46B164}.Debug|x64.ActiveCfg = Debug|x64
		{7BB723CC-D334-453F-B281-235E1F46B164}.Debug|x64.Build.0 = Debug|x64
		{7BB723CC-D334-453F-B281-235E1F46B164}.Debug|x86.ActiveCfg = Debug|Win32
		{7BB723CC-D334-453F-B281-235E1F46B164}.Debug|x86.Build.0 = Debug|Win32
		{7BB723CC-D334-453F-B281-235E1F46B164}.Release|x64.ActiveCfg = Release|x64
		{7BB723CC-D334-453F-B281-235E1F46B164}.Release|x64.Build.0 = Release|x64
		{7BB723CC-D334-453F-B281-235E1F46B164}.Release|x86.ActiveCfg = Release|Win32
		{7BB723CC-D334-453F-B281-235E1F46B164}.Release|x86.Build.0 = Release|Win32
	EndGlobalSection
	GlobalSection(SolutionProperties) = preSolution
		HideSolutionNode = FALSE
	EndGlobalSection
	GlobalSection(ExtensibilityGlobals) = postSolution
		SolutionGuid = {FC7531B5-AEA5-4A96-A0A5-2350F4E4D0B8}
	EndGlobalSection
EndGlobal
