
Microsoft Visual Studio Solution File, Format Version 12.00
# Visual Studio Version 16
VisualStudioVersion = 16.0.31624.102
MinimumVisualStudioVersion = 10.0.40219.1
Project("{8BC9CEB8-8B4A-11D0-8D11-00A0C91BC942}") = "enumeration c", "enumeration c.vcxproj", "{A039BC1E-3A49-4432-A6D6-532061A57B10}"
EndProject
Global
	GlobalSection(SolutionConfigurationPlatforms) = preSolution
		Debug|x64 = Debug|x64
		Debug|x86 = Debug|x86
		Release|x64 = Release|x64
		Release|x86 = Release|x86
	EndGlobalSection
	GlobalSection(ProjectConfigurationPlatforms) = postSolution
		{A039BC1E-3A49-4432-A6D6-532061A57B10}.Debug|x64.ActiveCfg = Debug|x64
		{A039BC1E-3A49-4432-A6D6-532061A57B10}.Debug|x64.Build.0 = Debug|x64
		{A039BC1E-3A49-4432-A6D6-532061A57B10}.Debug|x86.ActiveCfg = Debug|Win32
		{A039BC1E-3A49-4432-A6D6-532061A57B10}.Debug|x86.Build.0 = Debug|Win32
		{A039BC1E-3A49-4432-A6D6-532061A57B10}.Release|x64.ActiveCfg = Release|x64
		{A039BC1E-3A49-4432-A6D6-532061A57B10}.Release|x64.Build.0 = Release|x64
		{A039BC1E-3A49-4432-A6D6-532061A57B10}.Release|x86.ActiveCfg = Release|Win32
		{A039BC1E-3A49-4432-A6D6-532061A57B10}.Release|x86.Build.0 = Release|Win32
	EndGlobalSection
	GlobalSection(SolutionProperties) = preSolution
		HideSolutionNode = FALSE
	EndGlobalSection
	GlobalSection(ExtensibilityGlobals) = postSolution
		SolutionGuid = {D24D8470-50E9-41AE-8A7E-BB897F9634A5}
	EndGlobalSection
EndGlobal
